
Microsoft Visual Studio Solution File, Format Version 12.00
# Visual Studio Version 16
VisualStudioVersion = 16.0.30011.22
MinimumVisualStudioVersion = 10.0.40219.1
Project("{FAE04EC0-301F-11D3-BF4B-00C04F79EFBC}") = "ChessGame.Core", "ConsoleChessGame\ChessGame.Core.csproj", "{76F7CDA4-9FFE-45E3-9C5C-1A96FE0D259A}"
EndProject
Project("{FAE04EC0-301F-11D3-BF4B-00C04F79EFBC}") = "ChessGame.WPF", "ConsoleChessGame.WPF\ChessGame.WPF.csproj", "{44722513-B895-442E-9444-2A39881F6526}"
EndProject
Global
	GlobalSection(SolutionConfigurationPlatforms) = preSolution
		Debug|Any CPU = Debug|Any CPU
		Release|Any CPU = Release|Any CPU
	EndGlobalSection
	GlobalSection(ProjectConfigurationPlatforms) = postSolution
		{76F7CDA4-9FFE-45E3-9C5C-1A96FE0D259A}.Debug|Any CPU.ActiveCfg = Debug|Any CPU
		{76F7CDA4-9FFE-45E3-9C5C-1A96FE0D259A}.Debug|Any CPU.Build.0 = Debug|Any CPU
		{76F7CDA4-9FFE-45E3-9C5C-1A96FE0D259A}.Release|Any CPU.ActiveCfg = Release|Any CPU
		{76F7CDA4-9FFE-45E3-9C5C-1A96FE0D259A}.Release|Any CPU.Build.0 = Release|Any CPU
		{44722513-B895-442E-9444-2A39881F6526}.Debug|Any CPU.ActiveCfg = Debug|Any CPU
		{44722513-B895-442E-9444-2A39881F6526}.Debug|Any CPU.Build.0 = Debug|Any CPU
		{44722513-B895-442E-9444-2A39881F6526}.Release|Any CPU.ActiveCfg = Release|Any CPU
		{44722513-B895-442E-9444-2A39881F6526}.Release|Any CPU.Build.0 = Release|Any CPU
	EndGlobalSection
	GlobalSection(SolutionProperties) = preSolution
		HideSolutionNode = FALSE
	EndGlobalSection
	GlobalSection(ExtensibilityGlobals) = postSolution
		SolutionGuid = {CED816C5-5D92-411E-8553-8E1C0C2FC94A}
	EndGlobalSection
EndGlobal
